{
  "name": "02-bases",
  "version": "0.0.1",
  "lockfileVersion": 3,
  "requires": true,
  "packages": {
    "": {
      "name": "02-bases",
      "version": "0.0.1",
      "license": "ISC",
      "dependencies": {
        "get-age": "^1.0.1",
        "uuid": "^9.0.1"
      }
    },
    "node_modules/get-age": {
      "version": "1.0.1",
      "resolved": "https://registry.npmjs.org/get-age/-/get-age-1.0.1.tgz",
      "integrity": "sha512-jNlL4ORfTdHQaU7VZKVmhQb1oyM61IhJVsZsG5aG5lLNKxGHwmS/2B+2ibsWQVJCABoegHhRqSYDPeU0iQAn7Q==",
      "license": "MIT"
    },
    "node_modules/uuid": {
      "version": "9.0.1",
      "resolved": "https://registry.npmjs.org/uuid/-/uuid-9.0.1.tgz",
      "integrity": "sha512-b+1eJOlsR9K8HJpow9Ok3fiWOWSIcIzXodvv0rQjVoOVNpWMpxf1wZNpt4y9h10odCNrqnYp1OBzRktckBe3sA==",
      "deprecated": "uuid@10 and below is no longer supported.  For ESM codebases, update to uuid@latest.  For CommonJS codebases, use uuid@11 (but be aware this version will likely be deprecated in 2028).",
      "funding": [
        "https://github.com/sponsors/broofa",
        "https://github.com/sponsors/ctavan"
      ],
      "license": "MIT",
      "bin": {
        "uuid": "dist/bin/uuid"
      }
    }
  }
}
